
Microsoft Visual Studio Solution File, Format Version 12.00
# Visual Studio Version 16
VisualStudioVersion = 16.0.31205.134
MinimumVisualStudioVersion = 10.0.40219.1
Project("{FAE04EC0-301F-11D3-BF4B-00C04F79EFBC}") = "ChartSampleApp", "ChartSampleApp\ChartSampleApp.csproj", "{F1D419C3-86A4-4DFD-8ECD-BBC2B44FC372}"
EndProject
Project("{FAE04EC0-301F-11D3-BF4B-00C04F79EFBC}") = "UnseonChartLib", "UnseonChartLib\UnseonChartLib.csproj", "{91B6B5D9-D96A-46B1-95C5-95BE8524F2D3}"
EndProject
Global
	GlobalSection(SolutionConfigurationPlatforms) = preSolution
		Debug|Any CPU = Debug|Any CPU
		Release|Any CPU = Release|Any CPU
	EndGlobalSection
	GlobalSection(ProjectConfigurationPlatforms) = postSolution
		{F1D419C3-86A4-4DFD-8ECD-BBC2B44FC372}.Debug|Any CPU.ActiveCfg = Debug|Any CPU
		{F1D419C3-86A4-4DFD-8ECD-BBC2B44FC372}.Debug|Any CPU.Build.0 = Debug|Any CPU
		{F1D419C3-86A4-4DFD-8ECD-BBC2B44FC372}.Release|Any CPU.ActiveCfg = Release|Any CPU
		{F1D419C3-86A4-4DFD-8ECD-BBC2B44FC372}.Release|Any CPU.Build.0 = Release|Any CPU
		{91B6B5D9-D96A-46B1-95C5-95BE8524F2D3}.Debug|Any CPU.ActiveCfg = Debug|Any CPU
		{91B6B5D9-D96A-46B1-95C5-95BE8524F2D3}.Debug|Any CPU.Build.0 = Debug|Any CPU
		{91B6B5D9-D96A-46B1-95C5-95BE8524F2D3}.Release|Any CPU.ActiveCfg = Release|Any CPU
		{91B6B5D9-D96A-46B1-95C5-95BE8524F2D3}.Release|Any CPU.Build.0 = Release|Any CPU
	EndGlobalSection
	GlobalSection(SolutionProperties) = preSolution
		HideSolutionNode = FALSE
	EndGlobalSection
	GlobalSection(ExtensibilityGlobals) = postSolution
		SolutionGuid = {7F1FC441-181F-40CC-9080-D0C3329951CC}
	EndGlobalSection
EndGlobal
